{
  "version": 4,
  "terraform_version": "1.2.6",
  "serial": 60,
  "lineage": "3e621980-14ab-c627-9962-5b5f79dae561",
  "outputs": {},
  "resources": [
    {
      "module": "module.iam-group",
      "mode": "managed",
      "type": "aws_iam_group",
      "name": "grouppractice",
      "provider": "provider[\"registry.terraform.io/hashicorp/aws\"]",
      "instances": [
        {
          "schema_version": 0,
          "attributes": {
            "arn": "arn:aws:iam::528519205020:group/yuvi1",
            "id": "yuvi1",
            "name": "yuvi1",
            "path": "/",
            "unique_id": "AGPAXWDRTCCOCDTBHBR73"
          },
          "sensitive_attributes": [],
          "private": "bnVsbA=="
        }
      ]
    }
  ]
}
